
Microsoft Visual Studio Solution File, Format Version 12.00
# Visual Studio 15
VisualStudioVersion = 15.0.28307.271
MinimumVisualStudioVersion = 10.0.40219.1
Project("{FAE04EC0-301F-11D3-BF4B-00C04F79EFBC}") = "QFlashPro", "QFlashPro\QFlashPro.csproj", "{5193FEE0-F020-425C-94BA-8B71C55C8E71}"
EndProject
Project("{FAE04EC0-301F-11D3-BF4B-00C04F79EFBC}") = "Rawfutility", "Rawfutility\Rawfutility.csproj", "{68CA1BC4-F173-4FA2-A6CC-65671C1A5E8A}"
EndProject
Project("{FAE04EC0-301F-11D3-BF4B-00C04F79EFBC}") = "Common", "Common\Common.csproj", "{1E96C651-2DC9-4E6A-BB7E-F4EAC3812A26}"
EndProject
Global
	GlobalSection(SolutionConfigurationPlatforms) = preSolution
		Debug|Any CPU = Debug|Any CPU
		Release|Any CPU = Release|Any CPU
	EndGlobalSection
	GlobalSection(ProjectConfigurationPlatforms) = postSolution
		{5193FEE0-F020-425C-94BA-8B71C55C8E71}.Debug|Any CPU.ActiveCfg = Debug|Any CPU
		{5193FEE0-F020-425C-94BA-8B71C55C8E71}.Debug|Any CPU.Build.0 = Debug|Any CPU
		{5193FEE0-F020-425C-94BA-8B71C55C8E71}.Release|Any CPU.ActiveCfg = Release|Any CPU
		{5193FEE0-F020-425C-94BA-8B71C55C8E71}.Release|Any CPU.Build.0 = Release|Any CPU
		{68CA1BC4-F173-4FA2-A6CC-65671C1A5E8A}.Debug|Any CPU.ActiveCfg = Debug|Any CPU
		{68CA1BC4-F173-4FA2-A6CC-65671C1A5E8A}.Debug|Any CPU.Build.0 = Debug|Any CPU
		{68CA1BC4-F173-4FA2-A6CC-65671C1A5E8A}.Release|Any CPU.ActiveCfg = Release|Any CPU
		{68CA1BC4-F173-4FA2-A6CC-65671C1A5E8A}.Release|Any CPU.Build.0 = Release|Any CPU
		{1E96C651-2DC9-4E6A-BB7E-F4EAC3812A26}.Debug|Any CPU.ActiveCfg = Debug|Any CPU
		{1E96C651-2DC9-4E6A-BB7E-F4EAC3812A26}.Debug|Any CPU.Build.0 = Debug|Any CPU
		{1E96C651-2DC9-4E6A-BB7E-F4EAC3812A26}.Release|Any CPU.ActiveCfg = Release|Any CPU
		{1E96C651-2DC9-4E6A-BB7E-F4EAC3812A26}.Release|Any CPU.Build.0 = Release|Any CPU
	EndGlobalSection
	GlobalSection(SolutionProperties) = preSolution
		HideSolutionNode = FALSE
	EndGlobalSection
	GlobalSection(ExtensibilityGlobals) = postSolution
		SolutionGuid = {E1AEAF60-3C2F-41DE-9AFF-96BF68A32D05}
	EndGlobalSection
EndGlobal
